<Solution>
  <Folder Name="/src/">
    <Project Path="src/InterviewQuiz.Host/InterviewQuiz.Host.csproj" />
    <Project Path="src/InterviewQuiz.Kernel/InterviewQuiz.Kernel.csproj" />
  </Folder>
  <Folder Name="/src/Modules/" />
  <Folder Name="/src/Modules/Access/">
    <Project Path="src/Modules/Access/InterviewQuiz.Access/InterviewQuiz.Access.csproj" />
  </Folder>
  <Folder Name="/src/Modules/Catalog/">
    <Project Path="src/Modules/Catalog/InterviewQuiz.Catalog.Application/InterviewQuiz.Catalog.Application.csproj" />
    <Project Path="src/Modules/Catalog/InterviewQuiz.Catalog.Domain/InterviewQuiz.Catalog.Domain.csproj" />
    <Project Path="src/Modules/Catalog/InterviewQuiz.Catalog.Infrastructure/InterviewQuiz.Catalog.Infrastructure.csproj" />
  </Folder>
  <Folder Name="/src/Modules/Delivery/">
    <Project Path="src/Modules/Delivery/InterviewQuiz.Delivery.Application/InterviewQuiz.Delivery.Application.csproj" />
    <Project Path="src/Modules/Delivery/InterviewQuiz.Delivery.Domain/InterviewQuiz.Delivery.Domain.csproj" />
    <Project Path="src/Modules/Delivery/InterviewQuiz.Delivery.Infrastructure/InterviewQuiz.Delivery.Infrastructure.csproj" />
  </Folder>
  <Folder Name="/src/Modules/Evaluation/">
    <Project Path="src/Modules/Evaluation/InterviewQuiz.Evaluation.Application/InterviewQuiz.Evaluation.Application.csproj" />
    <Project Path="src/Modules/Evaluation/InterviewQuiz.Evaluation.Domain/InterviewQuiz.Evaluation.Domain.csproj" />
    <Project Path="src/Modules/Evaluation/InterviewQuiz.Evaluation.Infrastructure/InterviewQuiz.Evaluation.Infrastructure.csproj" />
  </Folder>
  <Folder Name="/src/Modules/Openings/">
    <Project Path="src/Modules/Openings/InterviewQuiz.Openings.Application/InterviewQuiz.Openings.Application.csproj" />
    <Project Path="src/Modules/Openings/InterviewQuiz.Openings.Domain/InterviewQuiz.Openings.Domain.csproj" />
    <Project Path="src/Modules/Openings/InterviewQuiz.Openings.Infrastructure/InterviewQuiz.Openings.Infrastructure.csproj" />
  </Folder>
  <Folder Name="/src/Modules/Search/">
    <Project Path="src/Modules/Search/InterviewQuiz.Search/InterviewQuiz.Search.csproj" />
  </Folder>
  <Folder Name="/tests/">
    <Project Path="tests/InterviewQuiz.Access.UnitTests/InterviewQuiz.Access.UnitTests.csproj" />
    <Project Path="tests/InterviewQuiz.Catalog.UnitTests/InterviewQuiz.Catalog.UnitTests.csproj" />
    <Project Path="tests/InterviewQuiz.Delivery.UnitTests/InterviewQuiz.Delivery.UnitTests.csproj" />
    <Project Path="tests/InterviewQuiz.Evaluation.UnitTests/InterviewQuiz.Evaluation.UnitTests.csproj" />
    <Project Path="tests/InterviewQuiz.Host.IntegrationTests/InterviewQuiz.Host.IntegrationTests.csproj" />
    <Project Path="tests/InterviewQuiz.Openings.UnitTests/InterviewQuiz.Openings.UnitTests.csproj" />
    <Project Path="tests/InterviewQuiz.Search.UnitTests/InterviewQuiz.Search.UnitTests.csproj" />
  </Folder>
</Solution>
